
Microsoft Visual Studio Solution File, Format Version 12.00
# Visual Studio Version 16
VisualStudioVersion = 16.0.30503.244
MinimumVisualStudioVersion = 10.0.40219.1
Project("{FAE04EC0-301F-11D3-BF4B-00C04F79EFBC}") = "loginpage", "loginpage\loginpage.csproj", "{415F2D90-F76C-4D42-B387-E50FB47D93CF}"
EndProject
Global
	GlobalSection(SolutionConfigurationPlatforms) = preSolution
		Debug|Any CPU = Debug|Any CPU
		Release|Any CPU = Release|Any CPU
	EndGlobalSection
	GlobalSection(ProjectConfigurationPlatforms) = postSolution
		{415F2D90-F76C-4D42-B387-E50FB47D93CF}.Debug|Any CPU.ActiveCfg = Debug|Any CPU
		{415F2D90-F76C-4D42-B387-E50FB47D93CF}.Debug|Any CPU.Build.0 = Debug|Any CPU
		{415F2D90-F76C-4D42-B387-E50FB47D93CF}.Release|Any CPU.ActiveCfg = Release|Any CPU
		{415F2D90-F76C-4D42-B387-E50FB47D93CF}.Release|Any CPU.Build.0 = Release|Any CPU
	EndGlobalSection
	GlobalSection(SolutionProperties) = preSolution
		HideSolutionNode = FALSE
	EndGlobalSection
	GlobalSection(ExtensibilityGlobals) = postSolution
		SolutionGuid = {54FAC1CB-45AB-4D69-AFAB-1050C6B44FB4}
	EndGlobalSection
EndGlobal
